{
  "nodes": {
    "nixpkgs": {
      "locked": {
        "lastModified": 1780243769,
        "narHash": "sha256-x5UQuRsH3MqI0U9afaXSNqzTPSeZlRLvFAav2Ux1pNw=",
        "owner": "nixos",
        "repo": "nixpkgs",
        "rev": "331800de5053fcebacf6813adb5db9c9dca22a0c",
        "type": "github"
      },
      "original": {
        "owner": "nixos",
        "ref": "nixos-unstable",
        "repo": "nixpkgs",
        "type": "github"
      }
    },
    "nixpkgs_2": {
      "locked": {
        "lastModified": 1784356753,
        "narHash": "sha256-12KrbMiWLcf8m7pCvAtZh1ZrgF85ZXDXvfR/fWTKy84=",
        "owner": "nixos",
        "repo": "nixpkgs",
        "rev": "61b7c44c4073f0b827768aff0049561b5110ea5a",
        "type": "github"
      },
      "original": {
        "owner": "nixos",
        "ref": "nixos-unstable",
        "repo": "nixpkgs",
        "type": "github"
      }
    },
    "root": {
      "inputs": {
        "nixpkgs": "nixpkgs",
        "tablog": "tablog"
      }
    },
    "tablog": {
      "inputs": {
        "nixpkgs": "nixpkgs_2"
      },
      "locked": {
        "lastModified": 1784813121,
        "narHash": "sha256-ixwsmElsnlQE0MHPjS6m5+XmS47bFPHBYtZIxCTwLB8=",
        "owner": "Sobottasgithub",
        "repo": "tablog",
        "rev": "e47b0796e6a0820315a846fb02a9c9c89b5bda33",
        "type": "github"
      },
      "original": {
        "owner": "Sobottasgithub",
        "repo": "tablog",
        "type": "github"
      }
    }
  },
  "root": "root",
  "version": 7
}
